// !$*UTF8*$!
{
	archiveVersion = 1;
	classes = {
	};
	objectVersion = 46;
	objects = {

/* Begin PBXBuildFile section */
		2C12593A1877FEFE0086BD39 /* b2BroadPhase.cpp in Sources */ = {isa = PBXBuildFile; fileRef = 2C1258D81877FEFE0086BD39 /* b2BroadPhase.cpp */; };
		2C12593B1877FEFE0086BD39 /* b2CollideCircle.cpp in Sources */ = {isa = PBXBuildFile; fileRef = 2C1258DA1877FEFE0086BD39 /* b2CollideCircle.cpp */; };
		2C12593C1877FEFE0086BD39 /* b2CollideEdge.cpp in Sources */ = {isa = PBXBuildFile; fileRef = 2C1258DB1877FEFE0086BD39 /* b2CollideEdge.cpp */; };
		2C12593D1877FEFE0086BD39 /* b2CollidePolygon.cpp in Sources */ = {isa = PBXBuildFile; fileRef = 2C1258DC1877FEFE0086BD39 /* b2CollidePolygon.cpp */; };
		2C12593E1877FEFE0086BD39 /* b2Collision.cpp in Sources */ = {isa = PBXBuildFile; fileRef = 2C1258DD1877FEFE0086BD39 /* b2Collision.cpp */; };
		2C12593F1877FEFE0086BD39 /* b2Distance.cpp in Sources */ = {isa = PBXBuildFile; fileRef = 2C1258DF1877FEFE0086BD39 /* b2Distance.cpp */; };
		2C1259401877FEFE0086BD39 /* b2DynamicTree.cpp in Sources */ = {isa = PBXBuildFile; fileRef = 2C1258E11877FEFE0086BD39 /* b2DynamicTree.cpp */; };
		2C1259411877FEFE0086BD39 /* b2TimeOfImpact.cpp in Sources */ = {isa = PBXBuildFile; fileRef = 2C1258E31877FEFE0086BD39 /* b2TimeOfImpact.cpp */; };
		2C1259421877FEFE0086BD39 /* b2ChainShape.cpp in Sources */ = {isa = PBXBuildFile; fileRef = 2C1258E61877FEFE0086BD39 /* b2ChainShape.cpp */; };
		2C1259431877FEFE0086BD39 /* b2CircleShape.cpp in Sources */ = {isa = PBXBuildFile; fileRef = 2C1258E81877FEFE0086BD39 /* b2CircleShape.cpp */; };
		2C1259441877FEFE0086BD39 /* b2EdgeShape.cpp in Sources */ = {isa = PBXBuildFile; fileRef = 2C1258EA1877FEFE0086BD39 /* b2EdgeShape.cpp */; };
		2C1259451877FEFE0086BD39 /* b2PolygonShape.cpp in Sources */ = {isa = PBXBuildFile; fileRef = 2C1258EC1877FEFE0086BD39 /* b2PolygonShape.cpp */; };
		2C1259461877FEFE0086BD39 /* b2BlockAllocator.cpp in Sources */ = {isa = PBXBuildFile; fileRef = 2C1258F01877FEFE0086BD39 /* b2BlockAllocator.cpp */; };
		2C1259471877FEFE0086BD39 /* b2Draw.cpp in Sources */ = {isa = PBXBuildFile; fileRef = 2C1258F21877FEFE0086BD39 /* b2Draw.cpp */; };
		2C1259481877FEFE0086BD39 /* b2Math.cpp in Sources */ = {isa = PBXBuildFile; fileRef = 2C1258F51877FEFE0086BD39 /* b2Math.cpp */; };
		2C1259491877FEFE0086BD39 /* b2Settings.cpp in Sources */ = {isa = PBXBuildFile; fileRef = 2C1258F71877FEFE0086BD39 /* b2Settings.cpp */; };
		2C12594A1877FEFE0086BD39 /* b2StackAllocator.cpp in Sources */ = {isa = PBXBuildFile; fileRef = 2C1258F91877FEFE0086BD39 /* b2StackAllocator.cpp */; };
		2C12594B1877FEFE0086BD39 /* b2Timer.cpp in Sources */ = {isa = PBXBuildFile; fileRef = 2C1258FB1877FEFE0086BD39 /* b2Timer.cpp */; };
		2C12594C1877FEFE0086BD39 /* b2Body.cpp in Sources */ = {isa = PBXBuildFile; fileRef = 2C1258FE1877FEFE0086BD39 /* b2Body.cpp */; };
		2C12594D1877FEFE0086BD39 /* b2ContactManager.cpp in Sources */ = {isa = PBXBuildFile; fileRef = 2C1259001877FEFE0086BD39 /* b2ContactManager.cpp */; };
		2C12594E1877FEFE0086BD39 /* b2Fixture.cpp in Sources */ = {isa = PBXBuildFile; fileRef = 2C1259021877FEFE0086BD39 /* b2Fixture.cpp */; };
		2C12594F1877FEFE0086BD39 /* b2Island.cpp in Sources */ = {isa = PBXBuildFile; fileRef = 2C1259041877FEFE0086BD39 /* b2Island.cpp */; };
		2C1259501877FEFE0086BD39 /* b2World.cpp in Sources */ = {isa = PBXBuildFile; fileRef = 2C1259071877FEFE0086BD39 /* b2World.cpp */; };
		2C1259511877FEFE0086BD39 /* b2WorldCallbacks.cpp in Sources */ = {isa = PBXBuildFile; fileRef = 2C1259091877FEFE0086BD39 /* b2WorldCallbacks.cpp */; };
		2C1259521877FEFE0086BD39 /* b2ChainAndCircleContact.cpp in Sources */ = {isa = PBXBuildFile; fileRef = 2C12590C1877FEFE0086BD39 /* b2ChainAndCircleContact.cpp */; };
		2C1259531877FEFE0086BD39 /* b2ChainAndPolygonContact.cpp in Sources */ = {isa = PBXBuildFile; fileRef = 2C12590E1877FEFE0086BD39 /* b2ChainAndPolygonContact.cpp */; };
		2C1259541877FEFE0086BD39 /* b2CircleContact.cpp in Sources */ = {isa = PBXBuildFile; fileRef = 2C1259101877FEFE0086BD39 /* b2CircleContact.cpp */; };
		2C1259551877FEFE0086BD39 /* b2Contact.cpp in Sources */ = {isa = PBXBuildFile; fileRef = 2C1259121877FEFE0086BD39 /* b2Contact.cpp */; };
		2C1259561877FEFE0086BD39 /* b2ContactSolver.cpp in Sources */ = {isa = PBXBuildFile; fileRef = 2C1259141877FEFE0086BD39 /* b2ContactSolver.cpp */; };
		2C1259571877FEFE0086BD39 /* b2EdgeAndCircleContact.cpp in Sources */ = {isa = PBXBuildFile; fileRef = 2C1259161877FEFE0086BD39 /* b2EdgeAndCircleContact.cpp */; };
		2C1259581877FEFE0086BD39 /* b2EdgeAndPolygonContact.cpp in Sources */ = {isa = PBXBuildFile; fileRef = 2C1259181877FEFE0086BD39 /* b2EdgeAndPolygonContact.cpp */; };
		2C1259591877FEFE0086BD39 /* b2PolygonAndCircleContact.cpp in Sources */ = {isa = PBXBuildFile; fileRef = 2C12591A1877FEFE0086BD39 /* b2PolygonAndCircleContact.cpp */; };
		2C12595A1877FEFE0086BD39 /* b2PolygonContact.cpp in Sources */ = {isa = PBXBuildFile; fileRef = 2C12591C1877FEFE0086BD39 /* b2PolygonContact.cpp */; };
		2C12595B1877FEFE0086BD39 /* b2DistanceJoint.cpp in Sources */ = {isa = PBXBuildFile; fileRef = 2C12591F1877FEFE0086BD39 /* b2DistanceJoint.cpp */; };
		2C12595C1877FEFE0086BD39 /* b2FrictionJoint.cpp in Sources */ = {isa = PBXBuildFile; fileRef = 2C1259211877FEFE0086BD39 /* b2FrictionJoint.cpp */; };
		2C12595D1877FEFE0086BD39 /* b2GearJoint.cpp in Sources */ = {isa = PBXBuildFile; fileRef = 2C1259231877FEFE0086BD39 /* b2GearJoint.cpp */; };
		2C12595E1877FEFE0086BD39 /* b2Joint.cpp in Sources */ = {isa = PBXBuildFile; fileRef = 2C1259251877FEFE0086BD39 /* b2Joint.cpp */; };
		2C12595F1877FEFE0086BD39 /* b2MotorJoint.cpp in Sources */ = {isa = PBXBuildFile; fileRef = 2C1259271877FEFE0086BD39 /* b2MotorJoint.cpp */; };
		2C1259601877FEFE0086BD39 /* b2MouseJoint.cpp in Sources */ = {isa = PBXBuildFile; fileRef = 2C1259291877FEFE0086BD39 /* b2MouseJoint.cpp */; };
		2C1259611877FEFE0086BD39 /* b2PrismaticJoint.cpp in Sources */ = {isa = PBXBuildFile; fileRef = 2C12592B1877FEFE0086BD39 /* b2PrismaticJoint.cpp */; };
		2C1259621877FEFE0086BD39 /* b2PulleyJoint.cpp in Sources */ = {isa = PBXBuildFile; fileRef = 2C12592D1877FEFE0086BD39 /* b2PulleyJoint.cpp */; };
		2C1259631877FEFE0086BD39 /* b2RevoluteJoint.cpp in Sources */ = {isa = PBXBuildFile; fileRef = 2C12592F1877FEFE0086BD39 /* b2RevoluteJoint.cpp */; };
		2C1259641877FEFE0086BD39 /* b2RopeJoint.cpp in Sources */ = {isa = PBXBuildFile; fileRef = 2C1259311877FEFE0086BD39 /* b2RopeJoint.cpp */; };
		2C1259651877FEFE0086BD39 /* b2WeldJoint.cpp in Sources */ = {isa = PBXBuildFile; fileRef = 2C1259331877FEFE0086BD39 /* b2WeldJoint.cpp */; };
		2C1259661877FEFE0086BD39 /* b2WheelJoint.cpp in Sources */ = {isa = PBXBuildFile; fileRef = 2C1259351877FEFE0086BD39 /* b2WheelJoint.cpp */; };
		2C1259671877FEFE0086BD39 /* b2Rope.cpp in Sources */ = {isa = PBXBuildFile; fileRef = 2C1259381877FEFE0086BD39 /* b2Rope.cpp */; };
/* End PBXBuildFile section */

/* Begin PBXCopyFilesBuildPhase section */
		2C1258A91877FEA00086BD39 /* CopyFiles */ = {
			isa = PBXCopyFilesBuildPhase;
			buildActionMask = 2147483647;
			dstPath = "include/$(PRODUCT_NAME)";
			dstSubfolderSpec = 16;
			files = (
			);
			runOnlyForDeploymentPostprocessing = 0;
		};
/* End PBXCopyFilesBuildPhase section */

/* Begin PBXFileReference section */
		2C1258AB1877FEA00086BD39 /* libBox2D.a */ = {isa = PBXFileReference; explicitFileType = archive.ar; includeInIndex = 0; path = libBox2D.a; sourceTree = BUILT_PRODUCTS_DIR; };
		2C1258D41877FEFE0086BD39 /* Box2D.h */ = {isa = PBXFileReference; fileEncoding = 4; lastKnownFileType = sourcecode.c.h; path = Box2D.h; sourceTree = "<group>"; };
		2C1258D81877FEFE0086BD39 /* b2BroadPhase.cpp */ = {isa = PBXFileReference; fileEncoding = 4; lastKnownFileType = sourcecode.cpp.cpp; path = b2BroadPhase.cpp; sourceTree = "<group>"; };
		2C1258D91877FEFE0086BD39 /* b2BroadPhase.h */ = {isa = PBXFileReference; fileEncoding = 4; lastKnownFileType = sourcecode.c.h; path = b2BroadPhase.h; sourceTree = "<group>"; };
		2C1258DA1877FEFE0086BD39 /* b2CollideCircle.cpp */ = {isa = PBXFileReference; fileEncoding = 4; lastKnownFileType = sourcecode.cpp.cpp; path = b2CollideCircle.cpp; sourceTree = "<group>"; };
		2C1258DB1877FEFE0086BD39 /* b2CollideEdge.cpp */ = {isa = PBXFileReference; fileEncoding = 4; lastKnownFileType = sourcecode.cpp.cpp; path = b2CollideEdge.cpp; sourceTree = "<group>"; };
		2C1258DC1877FEFE0086BD39 /* b2CollidePolygon.cpp */ = {isa = PBXFileReference; fileEncoding = 4; lastKnownFileType = sourcecode.cpp.cpp; path = b2CollidePolygon.cpp; sourceTree = "<group>"; };
		2C1258DD1877FEFE0086BD39 /* b2Collision.cpp */ = {isa = PBXFileReference; fileEncoding = 4; lastKnownFileType = sourcecode.cpp.cpp; path = b2Collision.cpp; sourceTree = "<group>"; };
		2C1258DE1877FEFE0086BD39 /* b2Collision.h */ = {isa = PBXFileReference; fileEncoding = 4; lastKnownFileType = sourcecode.c.h; path = b2Collision.h; sourceTree = "<group>"; };
		2C1258DF1877FEFE0086BD39 /* b2Distance.cpp */ = {isa = PBXFileReference; fileEncoding = 4; lastKnownFileType = sourcecode.cpp.cpp; path = b2Distance.cpp; sourceTree = "<group>"; };
		2C1258E01877FEFE0086BD39 /* b2Distance.h */ = {isa = PBXFileReference; fileEncoding = 4; lastKnownFileType = sourcecode.c.h; path = b2Distance.h; sourceTree = "<group>"; };
		2C1258E11877FEFE0086BD39 /* b2DynamicTree.cpp */ = {isa = PBXFileReference; fileEncoding = 4; lastKnownFileType = sourcecode.cpp.cpp; path = b2DynamicTree.cpp; sourceTree = "<group>"; };
		2C1258E21877FEFE0086BD39 /* b2DynamicTree.h */ = {isa = PBXFileReference; fileEncoding = 4; lastKnownFileType = sourcecode.c.h; path = b2DynamicTree.h; sourceTree = "<group>"; };
		2C1258E31877FEFE0086BD39 /* b2TimeOfImpact.cpp */ = {isa = PBXFileReference; fileEncoding = 4; lastKnownFileType = sourcecode.cpp.cpp; path = b2TimeOfImpact.cpp; sourceTree = "<group>"; };
		2C1258E41877FEFE0086BD39 /* b2TimeOfImpact.h */ = {isa = PBXFileReference; fileEncoding = 4; lastKnownFileType = sourcecode.c.h; path = b2TimeOfImpact.h; sourceTree = "<group>"; };
		2C1258E61877FEFE0086BD39 /* b2ChainShape.cpp */ = {isa = PBXFileReference; fileEncoding = 4; lastKnownFileType = sourcecode.cpp.cpp; path = b2ChainShape.cpp; sourceTree = "<group>"; };
		2C1258E71877FEFE0086BD39 /* b2ChainShape.h */ = {isa = PBXFileReference; fileEncoding = 4; lastKnownFileType = sourcecode.c.h; path = b2ChainShape.h; sourceTree = "<group>"; };
		2C1258E81877FEFE0086BD39 /* b2CircleShape.cpp */ = {isa = PBXFileReference; fileEncoding = 4; lastKnownFileType = sourcecode.cpp.cpp; path = b2CircleShape.cpp; sourceTree = "<group>"; };
		2C1258E91877FEFE0086BD39 /* b2CircleShape.h */ = {isa = PBXFileReference; fileEncoding = 4; lastKnownFileType = sourcecode.c.h; path = b2CircleShape.h; sourceTree = "<group>"; };
		2C1258EA1877FEFE0086BD39 /* b2EdgeShape.cpp */ = {isa = PBXFileReference; fileEncoding = 4; lastKnownFileType = sourcecode.cpp.cpp; path = b2EdgeShape.cpp; sourceTree = "<group>"; };
		2C1258EB1877FEFE0086BD39 /* b2EdgeShape.h */ = {isa = PBXFileReference; fileEncoding = 4; lastKnownFileType = sourcecode.c.h; path = b2EdgeShape.h; sourceTree = "<group>"; };
		2C1258EC1877FEFE0086BD39 /* b2PolygonShape.cpp */ = {isa = PBXFileReference; fileEncoding = 4; lastKnownFileType = sourcecode.cpp.cpp; path = b2PolygonShape.cpp; sourceTree = "<group>"; };
		2C1258ED1877FEFE0086BD39 /* b2PolygonShape.h */ = {isa = PBXFileReference; fileEncoding = 4; lastKnownFileType = sourcecode.c.h; path = b2PolygonShape.h; sourceTree = "<group>"; };
		2C1258EE1877FEFE0086BD39 /* b2Shape.h */ = {isa = PBXFileReference; fileEncoding = 4; lastKnownFileType = sourcecode.c.h; path = b2Shape.h; sourceTree = "<group>"; };
		2C1258F01877FEFE0086BD39 /* b2BlockAllocator.cpp */ = {isa = PBXFileReference; fileEncoding = 4; lastKnownFileType = sourcecode.cpp.cpp; path = b2BlockAllocator.cpp; sourceTree = "<group>"; };
		2C1258F11877FEFE0086BD39 /* b2BlockAllocator.h */ = {isa = PBXFileReference; fileEncoding = 4; lastKnownFileType = sourcecode.c.h; path = b2BlockAllocator.h; sourceTree = "<group>"; };
		2C1258F21877FEFE0086BD39 /* b2Draw.cpp */ = {isa = PBXFileReference; fileEncoding = 4; lastKnownFileType = sourcecode.cpp.cpp; path = b2Draw.cpp; sourceTree = "<group>"; };
		2C1258F31877FEFE0086BD39 /* b2Draw.h */ = {isa = PBXFileReference; fileEncoding = 4; lastKnownFileType = sourcecode.c.h; path = b2Draw.h; sourceTree = "<group>"; };
		2C1258F41877FEFE0086BD39 /* b2GrowableStack.h */ = {isa = PBXFileReference; fileEncoding = 4; lastKnownFileType = sourcecode.c.h; path = b2GrowableStack.h; sourceTree = "<group>"; };
		2C1258F51877FEFE0086BD39 /* b2Math.cpp */ = {isa = PBXFileReference; fileEncoding = 4; lastKnownFileType = sourcecode.cpp.cpp; path = b2Math.cpp; sourceTree = "<group>"; };
		2C1258F61877FEFE0086BD39 /* b2Math.h */ = {isa = PBXFileReference; fileEncoding = 4; lastKnownFileType = sourcecode.c.h; path = b2Math.h; sourceTree = "<group>"; };
		2C1258F71877FEFE0086BD39 /* b2Settings.cpp */ = {isa = PBXFileReference; fileEncoding = 4; lastKnownFileType = sourcecode.cpp.cpp; path = b2Settings.cpp; sourceTree = "<group>"; };
		2C1258F81877FEFE0086BD39 /* b2Settings.h */ = {isa = PBXFileReference; fileEncoding = 4; lastKnownFileType = sourcecode.c.h; path = b2Settings.h; sourceTree = "<group>"; };
		2C1258F91877FEFE0086BD39 /* b2StackAllocator.cpp */ = {isa = PBXFileReference; fileEncoding = 4; lastKnownFileType = sourcecode.cpp.cpp; path = b2StackAllocator.cpp; sourceTree = "<group>"; };
		2C1258FA1877FEFE0086BD39 /* b2StackAllocator.h */ = {isa = PBXFileReference; fileEncoding = 4; lastKnownFileType = sourcecode.c.h; path = b2StackAllocator.h; sourceTree = "<group>"; };
		2C1258FB1877FEFE0086BD39 /* b2Timer.cpp */ = {isa = PBXFileReference; fileEncoding = 4; lastKnownFileType = sourcecode.cpp.cpp; path = b2Timer.cpp; sourceTree = "<group>"; };
		2C1258FC1877FEFE0086BD39 /* b2Timer.h */ = {isa = PBXFileReference; fileEncoding = 4; lastKnownFileType = sourcecode.c.h; path = b2Timer.h; sourceTree = "<group>"; };
		2C1258FE1877FEFE0086BD39 /* b2Body.cpp */ = {isa = PBXFileReference; fileEncoding = 4; lastKnownFileType = sourcecode.cpp.cpp; path = b2Body.cpp; sourceTree = "<group>"; };
		2C1258FF1877FEFE0086BD39 /* b2Body.h */ = {isa = PBXFileReference; fileEncoding = 4; lastKnownFileType = sourcecode.c.h; path = b2Body.h; sourceTree = "<group>"; };
		2C1259001877FEFE0086BD39 /* b2ContactManager.cpp */ = {isa = PBXFileReference; fileEncoding = 4; lastKnownFileType = sourcecode.cpp.cpp; path = b2ContactManager.cpp; sourceTree = "<group>"; };
		2C1259011877FEFE0086BD39 /* b2ContactManager.h */ = {isa = PBXFileReference; fileEncoding = 4; lastKnownFileType = sourcecode.c.h; path = b2ContactManager.h; sourceTree = "<group>"; };
		2C1259021877FEFE0086BD39 /* b2Fixture.cpp */ = {isa = PBXFileReference; fileEncoding = 4; lastKnownFileType = sourcecode.cpp.cpp; path = b2Fixture.cpp; sourceTree = "<group>"; };
		2C1259031877FEFE0086BD39 /* b2Fixture.h */ = {isa = PBXFileReference; fileEncoding = 4; lastKnownFileType = sourcecode.c.h; path = b2Fixture.h; sourceTree = "<group>"; };
		2C1259041877FEFE0086BD39 /* b2Island.cpp */ = {isa = PBXFileReference; fileEncoding = 4; lastKnownFileType = sourcecode.cpp.cpp; path = b2Island.cpp; sourceTree = "<group>"; };
		2C1259051877FEFE0086BD39 /* b2Island.h */ = {isa = PBXFileReference; fileEncoding = 4; lastKnownFileType = sourcecode.c.h; path = b2Island.h; sourceTree = "<group>"; };
		2C1259061877FEFE0086BD39 /* b2TimeStep.h */ = {isa = PBXFileReference; fileEncoding = 4; lastKnownFileType = sourcecode.c.h; path = b2TimeStep.h; sourceTree = "<group>"; };
		2C1259071877FEFE0086BD39 /* b2World.cpp */ = {isa = PBXFileReference; fileEncoding = 4; lastKnownFileType = sourcecode.cpp.cpp; path = b2World.cpp; sourceTree = "<group>"; };
		2C1259081877FEFE0086BD39 /* b2World.h */ = {isa = PBXFileReference; fileEncoding = 4; lastKnownFileType = sourcecode.c.h; path = b2World.h; sourceTree = "<group>"; };
		2C1259091877FEFE0086BD39 /* b2WorldCallbacks.cpp */ = {isa = PBXFileReference; fileEncoding = 4; lastKnownFileType = sourcecode.cpp.cpp; path = b2WorldCallbacks.cpp; sourceTree = "<group>"; };
		2C12590A1877FEFE0086BD39 /* b2WorldCallbacks.h */ = {isa = PBXFileReference; fileEncoding = 4; lastKnownFileType = sourcecode.c.h; path = b2WorldCallbacks.h; sourceTree = "<group>"; };
		2C12590C1877FEFE0086BD39 /* b2ChainAndCircleContact.cpp */ = {isa = PBXFileReference; fileEncoding = 4; lastKnownFileType = sourcecode.cpp.cpp; path = b2ChainAndCircleContact.cpp; sourceTree = "<group>"; };
		2C12590D1877FEFE0086BD39 /* b2ChainAndCircleContact.h */ = {isa = PBXFileReference; fileEncoding = 4; lastKnownFileType = sourcecode.c.h; path = b2ChainAndCircleContact.h; sourceTree = "<group>"; };
		2C12590E1877FEFE0086BD39 /* b2ChainAndPolygonContact.cpp */ = {isa = PBXFileReference; fileEncoding = 4; lastKnownFileType = sourcecode.cpp.cpp; path = b2ChainAndPolygonContact.cpp; sourceTree = "<group>"; };
		2C12590F1877FEFE0086BD39 /* b2ChainAndPolygonContact.h */ = {isa = PBXFileReference; fileEncoding = 4; lastKnownFileType = sourcecode.c.h; path = b2ChainAndPolygonContact.h; sourceTree = "<group>"; };
		2C1259101877FEFE0086BD39 /* b2CircleContact.cpp */ = {isa = PBXFileReference; fileEncoding = 4; lastKnownFileType = sourcecode.cpp.cpp; path = b2CircleContact.cpp; sourceTree = "<group>"; };
		2C1259111877FEFE0086BD39 /* b2CircleContact.h */ = {isa = PBXFileReference; fileEncoding = 4; lastKnownFileType = sourcecode.c.h; path = b2CircleContact.h; sourceTree = "<group>"; };
		2C1259121877FEFE0086BD39 /* b2Contact.cpp */ = {isa = PBXFileReference; fileEncoding = 4; lastKnownFileType = sourcecode.cpp.cpp; path = b2Contact.cpp; sourceTree = "<group>"; };
		2C1259131877FEFE0086BD39 /* b2Contact.h */ = {isa = PBXFileReference; fileEncoding = 4; lastKnownFileType = sourcecode.c.h; path = b2Contact.h; sourceTree = "<group>"; };
		2C1259141877FEFE0086BD39 /* b2ContactSolver.cpp */ = {isa = PBXFileReference; fileEncoding = 4; lastKnownFileType = sourcecode.cpp.cpp; path = b2ContactSolver.cpp; sourceTree = "<group>"; };
		2C1259151877FEFE0086BD39 /* b2ContactSolver.h */ = {isa = PBXFileReference; fileEncoding = 4; lastKnownFileType = sourcecode.c.h; path = b2ContactSolver.h; sourceTree = "<group>"; };
		2C1259161877FEFE0086BD39 /* b2EdgeAndCircleContact.cpp */ = {isa = PBXFileReference; fileEncoding = 4; lastKnownFileType = sourcecode.cpp.cpp; path = b2EdgeAndCircleContact.cpp; sourceTree = "<group>"; };
		2C1259171877FEFE0086BD39 /* b2EdgeAndCircleContact.h */ = {isa = PBXFileReference; fileEncoding = 4; lastKnownFileType = sourcecode.c.h; path = b2EdgeAndCircleContact.h; sourceTree = "<group>"; };
		2C1259181877FEFE0086BD39 /* b2EdgeAndPolygonContact.cpp */ = {isa = PBXFileReference; fileEncoding = 4; lastKnownFileType = sourcecode.cpp.cpp; path = b2EdgeAndPolygonContact.cpp; sourceTree = "<group>"; };
		2C1259191877FEFE0086BD39 /* b2EdgeAndPolygonContact.h */ = {isa = PBXFileReference; fileEncoding = 4; lastKnownFileType = sourcecode.c.h; path = b2EdgeAndPolygonContact.h; sourceTree = "<group>"; };
		2C12591A1877FEFE0086BD39 /* b2PolygonAndCircleContact.cpp */ = {isa = PBXFileReference; fileEncoding = 4; lastKnownFileType = sourcecode.cpp.cpp; path = b2PolygonAndCircleContact.cpp; sourceTree = "<group>"; };
		2C12591B1877FEFE0086BD39 /* b2PolygonAndCircleContact.h */ = {isa = PBXFileReference; fileEncoding = 4; lastKnownFileType = sourcecode.c.h; path = b2PolygonAndCircleContact.h; sourceTree = "<group>"; };
		2C12591C1877FEFE0086BD39 /* b2PolygonContact.cpp */ = {isa = PBXFileReference; fileEncoding = 4; lastKnownFileType = sourcecode.cpp.cpp; path = b2PolygonContact.cpp; sourceTree = "<group>"; };
		2C12591D1877FEFE0086BD39 /* b2PolygonContact.h */ = {isa = PBXFileReference; fileEncoding = 4; lastKnownFileType = sourcecode.c.h; path = b2PolygonContact.h; sourceTree = "<group>"; };
		2C12591F1877FEFE0086BD39 /* b2DistanceJoint.cpp */ = {isa = PBXFileReference; fileEncoding = 4; lastKnownFileType = sourcecode.cpp.cpp; path = b2DistanceJoint.cpp; sourceTree = "<group>"; };
		2C1259201877FEFE0086BD39 /* b2DistanceJoint.h */ = {isa = PBXFileReference; fileEncoding = 4; lastKnownFileType = sourcecode.c.h; path = b2DistanceJoint.h; sourceTree = "<group>"; };
		2C1259211877FEFE0086BD39 /* b2FrictionJoint.cpp */ = {isa = PBXFileReference; fileEncoding = 4; lastKnownFileType = sourcecode.cpp.cpp; path = b2FrictionJoint.cpp; sourceTree = "<group>"; };
		2C1259221877FEFE0086BD39 /* b2FrictionJoint.h */ = {isa = PBXFileReference; fileEncoding = 4; lastKnownFileType = sourcecode.c.h; path = b2FrictionJoint.h; sourceTree = "<group>"; };
		2C1259231877FEFE0086BD39 /* b2GearJoint.cpp */ = {isa = PBXFileReference; fileEncoding = 4; lastKnownFileType = sourcecode.cpp.cpp; path = b2GearJoint.cpp; sourceTree = "<group>"; };
		2C1259241877FEFE0086BD39 /* b2GearJoint.h */ = {isa = PBXFileReference; fileEncoding = 4; lastKnownFileType = sourcecode.c.h; path = b2GearJoint.h; sourceTree = "<group>"; };
		2C1259251877FEFE0086BD39 /* b2Joint.cpp */ = {isa = PBXFileReference; fileEncoding = 4; lastKnownFileType = sourcecode.cpp.cpp; path = b2Joint.cpp; sourceTree = "<group>"; };
		2C1259261877FEFE0086BD39 /* b2Joint.h */ = {isa = PBXFileReference; fileEncoding = 4; lastKnownFileType = sourcecode.c.h; path = b2Joint.h; sourceTree = "<group>"; };
		2C1259271877FEFE0086BD39 /* b2MotorJoint.cpp */ = {isa = PBXFileReference; fileEncoding = 4; lastKnownFileType = sourcecode.cpp.cpp; path = b2MotorJoint.cpp; sourceTree = "<group>"; };
		2C1259281877FEFE0086BD39 /* b2MotorJoint.h */ = {isa = PBXFileReference; fileEncoding = 4; lastKnownFileType = sourcecode.c.h; path = b2MotorJoint.h; sourceTree = "<group>"; };
		2C1259291877FEFE0086BD39 /* b2MouseJoint.cpp */ = {isa = PBXFileReference; fileEncoding = 4; lastKnownFileType = sourcecode.cpp.cpp; path = b2MouseJoint.cpp; sourceTree = "<group>"; };
		2C12592A1877FEFE0086BD39 /* b2MouseJoint.h */ = {isa = PBXFileReference; fileEncoding = 4; lastKnownFileType = sourcecode.c.h; path = b2MouseJoint.h; sourceTree = "<group>"; };
		2C12592B1877FEFE0086BD39 /* b2PrismaticJoint.cpp */ = {isa = PBXFileReference; fileEncoding = 4; lastKnownFileType = sourcecode.cpp.cpp; path = b2PrismaticJoint.cpp; sourceTree = "<group>"; };
		2C12592C1877FEFE0086BD39 /* b2PrismaticJoint.h */ = {isa = PBXFileReference; fileEncoding = 4; lastKnownFileType = sourcecode.c.h; path = b2PrismaticJoint.h; sourceTree = "<group>"; };
		2C12592D1877FEFE0086BD39 /* b2PulleyJoint.cpp */ = {isa = PBXFileReference; fileEncoding = 4; lastKnownFileType = sourcecode.cpp.cpp; path = b2PulleyJoint.cpp; sourceTree = "<group>"; };
		2C12592E1877FEFE0086BD39 /* b2PulleyJoint.h */ = {isa = PBXFileReference; fileEncoding = 4; lastKnownFileType = sourcecode.c.h; path = b2PulleyJoint.h; sourceTree = "<group>"; };
		2C12592F1877FEFE0086BD39 /* b2RevoluteJoint.cpp */ = {isa = PBXFileReference; fileEncoding = 4; lastKnownFileType = sourcecode.cpp.cpp; path = b2RevoluteJoint.cpp; sourceTree = "<group>"; };
		2C1259301877FEFE0086BD39 /* b2RevoluteJoint.h */ = {isa = PBXFileReference; fileEncoding = 4; lastKnownFileType = sourcecode.c.h; path = b2RevoluteJoint.h; sourceTree = "<group>"; };
		2C1259311877FEFE0086BD39 /* b2RopeJoint.cpp */ = {isa = PBXFileReference; fileEncoding = 4; lastKnownFileType = sourcecode.cpp.cpp; path = b2RopeJoint.cpp; sourceTree = "<group>"; };
		2C1259321877FEFE0086BD39 /* b2RopeJoint.h */ = {isa = PBXFileReference; fileEncoding = 4; lastKnownFileType = sourcecode.c.h; path = b2RopeJoint.h; sourceTree = "<group>"; };
		2C1259331877FEFE0086BD39 /* b2WeldJoint.cpp */ = {isa = PBXFileReference; fileEncoding = 4; lastKnownFileType = sourcecode.cpp.cpp; path = b2WeldJoint.cpp; sourceTree = "<group>"; };
		2C1259341877FEFE0086BD39 /* b2WeldJoint.h */ = {isa = PBXFileReference; fileEncoding = 4; lastKnownFileType = sourcecode.c.h; path = b2WeldJoint.h; sourceTree = "<group>"; };
		2C1259351877FEFE0086BD39 /* b2WheelJoint.cpp */ = {isa = PBXFileReference; fileEncoding = 4; lastKnownFileType = sourcecode.cpp.cpp; path = b2WheelJoint.cpp; sourceTree = "<group>"; };
		2C1259361877FEFE0086BD39 /* b2WheelJoint.h */ = {isa = PBXFileReference; fileEncoding = 4; lastKnownFileType = sourcecode.c.h; path = b2WheelJoint.h; sourceTree = "<group>"; };
		2C1259381877FEFE0086BD39 /* b2Rope.cpp */ = {isa = PBXFileReference; fileEncoding = 4; lastKnownFileType = sourcecode.cpp.cpp; path = b2Rope.cpp; sourceTree = "<group>"; };
		2C1259391877FEFE0086BD39 /* b2Rope.h */ = {isa = PBXFileReference; fileEncoding = 4; lastKnownFileType = sourcecode.c.h; path = b2Rope.h; sourceTree = "<group>"; };
		2C12596E187801CD0086BD39 /* Changes.txt */ = {isa = PBXFileReference; fileEncoding = 4; lastKnownFileType = text; path = Changes.txt; sourceTree = SOURCE_ROOT; };
		2C125970187801CD0086BD39 /* License.txt */ = {isa = PBXFileReference; fileEncoding = 4; lastKnownFileType = text; path = License.txt; sourceTree = SOURCE_ROOT; };
		2C125971187801CD0086BD39 /* Readme.md */ = {isa = PBXFileReference; fileEncoding = 4; lastKnownFileType = text; path = Readme.md; sourceTree = SOURCE_ROOT; };
/* End PBXFileReference section */

/* Begin PBXFrameworksBuildPhase section */
		2C1258A81877FEA00086BD39 /* Frameworks */ = {
			isa = PBXFrameworksBuildPhase;
			buildActionMask = 2147483647;
			files = (
			);
			runOnlyForDeploymentPostprocessing = 0;
		};
/* End PBXFrameworksBuildPhase section */

/* Begin PBXGroup section */
		2C1258A21877FEA00086BD39 = {
			isa = PBXGroup;
			children = (
				2C125972187801FF0086BD39 /* Docs */,
				2C1258B01877FEA00086BD39 /* Box2D */,
				2C1258AC1877FEA00086BD39 /* Products */,
			);
			sourceTree = "<group>";
		};
		2C1258AC1877FEA00086BD39 /* Products */ = {
			isa = PBXGroup;
			children = (
				2C1258AB1877FEA00086BD39 /* libBox2D.a */,
			);
			name = Products;
			sourceTree = "<group>";
		};
		2C1258B01877FEA00086BD39 /* Box2D */ = {
			isa = PBXGroup;
			children = (
				2C1258D41877FEFE0086BD39 /* Box2D.h */,
				2C1258D71877FEFE0086BD39 /* Collision */,
				2C1258EF1877FEFE0086BD39 /* Common */,
				2C1258FD1877FEFE0086BD39 /* Dynamics */,
				2C1259371877FEFE0086BD39 /* Rope */,
			);
			path = Box2D;
			sourceTree = "<group>";
		};
		2C1258D71877FEFE0086BD39 /* Collision */ = {
			isa = PBXGroup;
			children = (
				2C1258D81877FEFE0086BD39 /* b2BroadPhase.cpp */,
				2C1258D91877FEFE0086BD39 /* b2BroadPhase.h */,
				2C1258DA1877FEFE0086BD39 /* b2CollideCircle.cpp */,
				2C1258DB1877FEFE0086BD39 /* b2CollideEdge.cpp */,
				2C1258DC1877FEFE0086BD39 /* b2CollidePolygon.cpp */,
				2C1258DD1877FEFE0086BD39 /* b2Collision.cpp */,
				2C1258DE1877FEFE0086BD39 /* b2Collision.h */,
				2C1258DF1877FEFE0086BD39 /* b2Distance.cpp */,
				2C1258E01877FEFE0086BD39 /* b2Distance.h */,
				2C1258E11877FEFE0086BD39 /* b2DynamicTree.cpp */,
				2C1258E21877FEFE0086BD39 /* b2DynamicTree.h */,
				2C1258E31877FEFE0086BD39 /* b2TimeOfImpact.cpp */,
				2C1258E41877FEFE0086BD39 /* b2TimeOfImpact.h */,
				2C1258E51877FEFE0086BD39 /* Shapes */,
			);
			path = Collision;
			sourceTree = "<group>";
		};
		2C1258E51877FEFE0086BD39 /* Shapes */ = {
			isa = PBXGroup;
			children = (
				2C1258E61877FEFE0086BD39 /* b2ChainShape.cpp */,
				2C1258E71877FEFE0086BD39 /* b2ChainShape.h */,
				2C1258E81877FEFE0086BD39 /* b2CircleShape.cpp */,
				2C1258E91877FEFE0086BD39 /* b2CircleShape.h */,
				2C1258EA1877FEFE0086BD39 /* b2EdgeShape.cpp */,
				2C1258EB1877FEFE0086BD39 /* b2EdgeShape.h */,
				2C1258EC1877FEFE0086BD39 /* b2PolygonShape.cpp */,
				2C1258ED1877FEFE0086BD39 /* b2PolygonShape.h */,
				2C1258EE1877FEFE0086BD39 /* b2Shape.h */,
			);
			path = Shapes;
			sourceTree = "<group>";
		};
		2C1258EF1877FEFE0086BD39 /* Common */ = {
			isa = PBXGroup;
			children = (
				2C1258F01877FEFE0086BD39 /* b2BlockAllocator.cpp */,
				2C1258F11877FEFE0086BD39 /* b2BlockAllocator.h */,
				2C1258F21877FEFE0086BD39 /* b2Draw.cpp */,
				2C1258F31877FEFE0086BD39 /* b2Draw.h */,
				2C1258F41877FEFE0086BD39 /* b2GrowableStack.h */,
				2C1258F51877FEFE0086BD39 /* b2Math.cpp */,
				2C1258F61877FEFE0086BD39 /* b2Math.h */,
				2C1258F71877FEFE0086BD39 /* b2Settings.cpp */,
				2C1258F81877FEFE0086BD39 /* b2Settings.h */,
				2C1258F91877FEFE0086BD39 /* b2StackAllocator.cpp */,
				2C1258FA1877FEFE0086BD39 /* b2StackAllocator.h */,
				2C1258FB1877FEFE0086BD39 /* b2Timer.cpp */,
				2C1258FC1877FEFE0086BD39 /* b2Timer.h */,
			);
			path = Common;
			sourceTree = "<group>";
		};
		2C1258FD1877FEFE0086BD39 /* Dynamics */ = {
			isa = PBXGroup;
			children = (
				2C1258FE1877FEFE0086BD39 /* b2Body.cpp */,
				2C1258FF1877FEFE0086BD39 /* b2Body.h */,
				2C1259001877FEFE0086BD39 /* b2ContactManager.cpp */,
				2C1259011877FEFE0086BD39 /* b2ContactManager.h */,
				2C1259021877FEFE0086BD39 /* b2Fixture.cpp */,
				2C1259031877FEFE0086BD39 /* b2Fixture.h */,
				2C1259041877FEFE0086BD39 /* b2Island.cpp */,
				2C1259051877FEFE0086BD39 /* b2Island.h */,
				2C1259061877FEFE0086BD39 /* b2TimeStep.h */,
				2C1259071877FEFE0086BD39 /* b2World.cpp */,
				2C1259081877FEFE0086BD39 /* b2World.h */,
				2C1259091877FEFE0086BD39 /* b2WorldCallbacks.cpp */,
				2C12590A1877FEFE0086BD39 /* b2WorldCallbacks.h */,
				2C12590B1877FEFE0086BD39 /* Contacts */,
				2C12591E1877FEFE0086BD39 /* Joints */,
			);
			path = Dynamics;
			sourceTree = "<group>";
		};
		2C12590B1877FEFE0086BD39 /* Contacts */ = {
			isa = PBXGroup;
			children = (
				2C12590C1877FEFE0086BD39 /* b2ChainAndCircleContact.cpp */,
				2C12590D1877FEFE0086BD39 /* b2ChainAndCircleContact.h */,
				2C12590E1877FEFE0086BD39 /* b2ChainAndPolygonContact.cpp */,
				2C12590F1877FEFE0086BD39 /* b2ChainAndPolygonContact.h */,
				2C1259101877FEFE0086BD39 /* b2CircleContact.cpp */,
				2C1259111877FEFE0086BD39 /* b2CircleContact.h */,
				2C1259121877FEFE0086BD39 /* b2Contact.cpp */,
				2C1259131877FEFE0086BD39 /* b2Contact.h */,
				2C1259141877FEFE0086BD39 /* b2ContactSolver.cpp */,
				2C1259151877FEFE0086BD39 /* b2ContactSolver.h */,
				2C1259161877FEFE0086BD39 /* b2EdgeAndCircleContact.cpp */,
				2C1259171877FEFE0086BD39 /* b2EdgeAndCircleContact.h */,
				2C1259181877FEFE0086BD39 /* b2EdgeAndPolygonContact.cpp */,
				2C1259191877FEFE0086BD39 /* b2EdgeAndPolygonContact.h */,
				2C12591A1877FEFE0086BD39 /* b2PolygonAndCircleContact.cpp */,
				2C12591B1877FEFE0086BD39 /* b2PolygonAndCircleContact.h */,
				2C12591C1877FEFE0086BD39 /* b2PolygonContact.cpp */,
				2C12591D1877FEFE0086BD39 /* b2PolygonContact.h */,
			);
			path = Contacts;
			sourceTree = "<group>";
		};
		2C12591E1877FEFE0086BD39 /* Joints */ = {
			isa = PBXGroup;
			children = (
				2C12591F1877FEFE0086BD39 /* b2DistanceJoint.cpp */,
				2C1259201877FEFE0086BD39 /* b2DistanceJoint.h */,
				2C1259211877FEFE0086BD39 /* b2FrictionJoint.cpp */,
				2C1259221877FEFE0086BD39 /* b2FrictionJoint.h */,
				2C1259231877FEFE0086BD39 /* b2GearJoint.cpp */,
				2C1259241877FEFE0086BD39 /* b2GearJoint.h */,
				2C1259251877FEFE0086BD39 /* b2Joint.cpp */,
				2C1259261877FEFE0086BD39 /* b2Joint.h */,
				2C1259271877FEFE0086BD39 /* b2MotorJoint.cpp */,
				2C1259281877FEFE0086BD39 /* b2MotorJoint.h */,
				2C1259291877FEFE0086BD39 /* b2MouseJoint.cpp */,
				2C12592A1877FEFE0086BD39 /* b2MouseJoint.h */,
				2C12592B1877FEFE0086BD39 /* b2PrismaticJoint.cpp */,
				2C12592C1877FEFE0086BD39 /* b2PrismaticJoint.h */,
				2C12592D1877FEFE0086BD39 /* b2PulleyJoint.cpp */,
				2C12592E1877FEFE0086BD39 /* b2PulleyJoint.h */,
				2C12592F1877FEFE0086BD39 /* b2RevoluteJoint.cpp */,
				2C1259301877FEFE0086BD39 /* b2RevoluteJoint.h */,
				2C1259311877FEFE0086BD39 /* b2RopeJoint.cpp */,
				2C1259321877FEFE0086BD39 /* b2RopeJoint.h */,
				2C1259331877FEFE0086BD39 /* b2WeldJoint.cpp */,
				2C1259341877FEFE0086BD39 /* b2WeldJoint.h */,
				2C1259351877FEFE0086BD39 /* b2WheelJoint.cpp */,
				2C1259361877FEFE0086BD39 /* b2WheelJoint.h */,
			);
			path = Joints;
			sourceTree = "<group>";
		};
		2C1259371877FEFE0086BD39 /* Rope */ = {
			isa = PBXGroup;
			children = (
				2C1259381877FEFE0086BD39 /* b2Rope.cpp */,
				2C1259391877FEFE0086BD39 /* b2Rope.h */,
			);
			path = Rope;
			sourceTree = "<group>";
		};
		2C125972187801FF0086BD39 /* Docs */ = {
			isa = PBXGroup;
			children = (
				2C125971187801CD0086BD39 /* Readme.md */,
				2C12596E187801CD0086BD39 /* Changes.txt */,
				2C125970187801CD0086BD39 /* License.txt */,
			);
			name = Docs;
			sourceTree = "<group>";
		};
/* End PBXGroup section */

/* Begin PBXNativeTarget section */
		2C1258AA1877FEA00086BD39 /* Box2D */ = {
			isa = PBXNativeTarget;
			buildConfigurationList = 2C1258CE1877FEA10086BD39 /* Build configuration list for PBXNativeTarget "Box2D" */;
			buildPhases = (
				2C1258A71877FEA00086BD39 /* Sources */,
				2C1258A81877FEA00086BD39 /* Frameworks */,
				2C1258A91877FEA00086BD39 /* CopyFiles */,
			);
			buildRules = (
			);
			dependencies = (
			);
			name = Box2D;
			productName = Box2D;
			productReference = 2C1258AB1877FEA00086BD39 /* libBox2D.a */;
			productType = "com.apple.product-type.library.static";
		};
/* End PBXNativeTarget section */

/* Begin PBXProject section */
		2C1258A31877FEA00086BD39 /* Project object */ = {
			isa = PBXProject;
			attributes = {
				LastUpgradeCheck = 0500;
				ORGANIZATIONNAME = "Ivan Nolasco";
			};
			buildConfigurationList = 2C1258A61877FEA00086BD39 /* Build configuration list for PBXProject "Box2D" */;
			compatibilityVersion = "Xcode 3.2";
			developmentRegion = English;
			hasScannedForEncodings = 0;
			knownRegions = (
				en,
			);
			mainGroup = 2C1258A21877FEA00086BD39;
			productRefGroup = 2C1258AC1877FEA00086BD39 /* Products */;
			projectDirPath = "";
			projectRoot = "";
			targets = (
				2C1258AA1877FEA00086BD39 /* Box2D */,
			);
		};
/* End PBXProject section */

/* Begin PBXSourcesBuildPhase section */
		2C1258A71877FEA00086BD39 /* Sources */ = {
			isa = PBXSourcesBuildPhase;
			buildActionMask = 2147483647;
			files = (
				2C1259651877FEFE0086BD39 /* b2WeldJoint.cpp in Sources */,
				2C1259451877FEFE0086BD39 /* b2PolygonShape.cpp in Sources */,
				2C1259511877FEFE0086BD39 /* b2WorldCallbacks.cpp in Sources */,
				2C1259661877FEFE0086BD39 /* b2WheelJoint.cpp in Sources */,
				2C1259471877FEFE0086BD39 /* b2Draw.cpp in Sources */,
				2C12593B1877FEFE0086BD39 /* b2CollideCircle.cpp in Sources */,
				2C12595F1877FEFE0086BD39 /* b2MotorJoint.cpp in Sources */,
				2C12595C1877FEFE0086BD39 /* b2FrictionJoint.cpp in Sources */,
				2C1259411877FEFE0086BD39 /* b2TimeOfImpact.cpp in Sources */,
				2C1259491877FEFE0086BD39 /* b2Settings.cpp in Sources */,
				2C1259631877FEFE0086BD39 /* b2RevoluteJoint.cpp in Sources */,
				2C12593D1877FEFE0086BD39 /* b2CollidePolygon.cpp in Sources */,
				2C1259421877FEFE0086BD39 /* b2ChainShape.cpp in Sources */,
				2C1259561877FEFE0086BD39 /* b2ContactSolver.cpp in Sources */,
				2C1259581877FEFE0086BD39 /* b2EdgeAndPolygonContact.cpp in Sources */,
				2C1259461877FEFE0086BD39 /* b2BlockAllocator.cpp in Sources */,
				2C12594D1877FEFE0086BD39 /* b2ContactManager.cpp in Sources */,
				2C1259551877FEFE0086BD39 /* b2Contact.cpp in Sources */,
				2C12593F1877FEFE0086BD39 /* b2Distance.cpp in Sources */,
				2C12595A1877FEFE0086BD39 /* b2PolygonContact.cpp in Sources */,
				2C1259531877FEFE0086BD39 /* b2ChainAndPolygonContact.cpp in Sources */,
				2C12594C1877FEFE0086BD39 /* b2Body.cpp in Sources */,
				2C12594E1877FEFE0086BD39 /* b2Fixture.cpp in Sources */,
				2C1259601877FEFE0086BD39 /* b2MouseJoint.cpp in Sources */,
				2C12594F1877FEFE0086BD39 /* b2Island.cpp in Sources */,
				2C1259431877FEFE0086BD39 /* b2CircleShape.cpp in Sources */,
				2C12593A1877FEFE0086BD39 /* b2BroadPhase.cpp in Sources */,
				2C1259671877FEFE0086BD39 /* b2Rope.cpp in Sources */,
				2C1259621877FEFE0086BD39 /* b2PulleyJoint.cpp in Sources */,
				2C12594B1877FEFE0086BD39 /* b2Timer.cpp in Sources */,
				2C1259611877FEFE0086BD39 /* b2PrismaticJoint.cpp in Sources */,
				2C12595D1877FEFE0086BD39 /* b2GearJoint.cpp in Sources */,
				2C1259541877FEFE0086BD39 /* b2CircleContact.cpp in Sources */,
				2C1259481877FEFE0086BD39 /* b2Math.cpp in Sources */,
				2C12594A1877FEFE0086BD39 /* b2StackAllocator.cpp in Sources */,
				2C1259521877FEFE0086BD39 /* b2ChainAndCircleContact.cpp in Sources */,
				2C1259641877FEFE0086BD39 /* b2RopeJoint.cpp in Sources */,
				2C1259501877FEFE0086BD39 /* b2World.cpp in Sources */,
				2C1259571877FEFE0086BD39 /* b2EdgeAndCircleContact.cpp in Sources */,
				2C1259591877FEFE0086BD39 /* b2PolygonAndCircleContact.cpp in Sources */,
				2C12595B1877FEFE0086BD39 /* b2DistanceJoint.cpp in Sources */,
				2C1259401877FEFE0086BD39 /* b2DynamicTree.cpp in Sources */,
				2C1259441877FEFE0086BD39 /* b2EdgeShape.cpp in Sources */,
				2C12595E1877FEFE0086BD39 /* b2Joint.cpp in Sources */,
				2C12593E1877FEFE0086BD39 /* b2Collision.cpp in Sources */,
				2C12593C1877FEFE0086BD39 /* b2CollideEdge.cpp in Sources */,
			);
			runOnlyForDeploymentPostprocessing = 0;
		};
/* End PBXSourcesBuildPhase section */

/* Begin XCBuildConfiguration section */
		2C1258CC1877FEA10086BD39 /* Debug */ = {
			isa = XCBuildConfiguration;
			buildSettings = {
				ALWAYS_SEARCH_USER_PATHS = NO;
				ARCHS = "$(ARCHS_STANDARD_INCLUDING_64_BIT)";
				CLANG_CXX_LANGUAGE_STANDARD = "gnu++0x";
				CLANG_CXX_LIBRARY = "libc++";
				CLANG_ENABLE_MODULES = YES;
				CLANG_ENABLE_OBJC_ARC = YES;
				CLANG_WARN_BOOL_CONVERSION = YES;
				CLANG_WARN_CONSTANT_CONVERSION = YES;
				CLANG_WARN_DIRECT_OBJC_ISA_USAGE = YES_ERROR;
				CLANG_WARN_EMPTY_BODY = YES;
				CLANG_WARN_ENUM_CONVERSION = YES;
				CLANG_WARN_INT_CONVERSION = YES;
				CLANG_WARN_OBJC_ROOT_CLASS = YES_ERROR;
				CLANG_WARN__DUPLICATE_METHOD_MATCH = YES;
				COPY_PHASE_STRIP = NO;
				GCC_C_LANGUAGE_STANDARD = gnu99;
				GCC_DYNAMIC_NO_PIC = NO;
				GCC_OPTIMIZATION_LEVEL = 0;
				GCC_PREPROCESSOR_DEFINITIONS = (
					"DEBUG=1",
					"$(inherited)",
				);
				GCC_SYMBOLS_PRIVATE_EXTERN = NO;
				GCC_WARN_64_TO_32_BIT_CONVERSION = YES;
				GCC_WARN_ABOUT_RETURN_TYPE = YES_ERROR;
				GCC_WARN_UNDECLARED_SELECTOR = YES;
				GCC_WARN_UNINITIALIZED_AUTOS = YES;
				GCC_WARN_UNUSED_FUNCTION = YES;
				GCC_WARN_UNUSED_VARIABLE = YES;
				IPHONEOS_DEPLOYMENT_TARGET = 5.0;
				ONLY_ACTIVE_ARCH = YES;
				SDKROOT = iphoneos;
			};
			name = Debug;
		};
		2C1258CD1877FEA10086BD39 /* Release */ = {
			isa = XCBuildConfiguration;
			buildSettings = {
				ALWAYS_SEARCH_USER_PATHS = NO;
				ARCHS = "$(ARCHS_STANDARD_INCLUDING_64_BIT)";
				CLANG_CXX_LANGUAGE_STANDARD = "gnu++0x";
				CLANG_CXX_LIBRARY = "libc++";
				CLANG_ENABLE_MODULES = YES;
				CLANG_ENABLE_OBJC_ARC = YES;
				CLANG_WARN_BOOL_CONVERSION = YES;
				CLANG_WARN_CONSTANT_CONVERSION = YES;
				CLANG_WARN_DIRECT_OBJC_ISA_USAGE = YES_ERROR;
				CLANG_WARN_EMPTY_BODY = YES;
				CLANG_WARN_ENUM_CONVERSION = YES;
				CLANG_WARN_INT_CONVERSION = YES;
				CLANG_WARN_OBJC_ROOT_CLASS = YES_ERROR;
				CLANG_WARN__DUPLICATE_METHOD_MATCH = YES;
				COPY_PHASE_STRIP = YES;
				ENABLE_NS_ASSERTIONS = NO;
				GCC_C_LANGUAGE_STANDARD = gnu99;
				GCC_WARN_64_TO_32_BIT_CONVERSION = YES;
				GCC_WARN_ABOUT_RETURN_TYPE = YES_ERROR;
				GCC_WARN_UNDECLARED_SELECTOR = YES;
				GCC_WARN_UNINITIALIZED_AUTOS = YES;
				GCC_WARN_UNUSED_FUNCTION = YES;
				GCC_WARN_UNUSED_VARIABLE = YES;
				IPHONEOS_DEPLOYMENT_TARGET = 5.0;
				SDKROOT = iphoneos;
				VALIDATE_PRODUCT = YES;
			};
			name = Release;
		};
		2C1258CF1877FEA10086BD39 /* Debug */ = {
			isa = XCBuildConfiguration;
			buildSettings = {
				ALWAYS_SEARCH_USER_PATHS = YES;
				DSTROOT = /tmp/Box2D.dst;
				GCC_PRECOMPILE_PREFIX_HEADER = YES;
				GCC_PREFIX_HEADER = "";
				HEADER_SEARCH_PATHS = .;
				IPHONEOS_DEPLOYMENT_TARGET = 5.0;
				OTHER_LDFLAGS = "-ObjC";
				PRODUCT_NAME = "$(TARGET_NAME)";
				SKIP_INSTALL = YES;
			};
			name = Debug;
		};
		2C1258D01877FEA10086BD39 /* Release */ = {
			isa = XCBuildConfiguration;
			buildSettings = {
				ALWAYS_SEARCH_USER_PATHS = YES;
				DSTROOT = /tmp/Box2D.dst;
				GCC_PRECOMPILE_PREFIX_HEADER = YES;
				GCC_PREFIX_HEADER = "";
				HEADER_SEARCH_PATHS = .;
				IPHONEOS_DEPLOYMENT_TARGET = 5.0;
				OTHER_LDFLAGS = "-ObjC";
				PRODUCT_NAME = "$(TARGET_NAME)";
				SKIP_INSTALL = YES;
			};
			name = Release;
		};
/* End XCBuildConfiguration section */

/* Begin XCConfigurationList section */
		2C1258A61877FEA00086BD39 /* Build configuration list for PBXProject "Box2D" */ = {
			isa = XCConfigurationList;
			buildConfigurations = (
				2C1258CC1877FEA10086BD39 /* Debug */,
				2C1258CD1877FEA10086BD39 /* Release */,
			);
			defaultConfigurationIsVisible = 0;
			defaultConfigurationName = Release;
		};
		2C1258CE1877FEA10086BD39 /* Build configuration list for PBXNativeTarget "Box2D" */ = {
			isa = XCConfigurationList;
			buildConfigurations = (
				2C1258CF1877FEA10086BD39 /* Debug */,
				2C1258D01877FEA10086BD39 /* Release */,
			);
			defaultConfigurationIsVisible = 0;
			defaultConfigurationName = Release;
		};
/* End XCConfigurationList section */
	};
	rootObject = 2C1258A31877FEA00086BD39 /* Project object */;
}
